// !$*UTF8*$!
{
	archiveVersion = 1;
	classes = {
	};
	objectVersion = 56;
	objects = {

/* Begin PBXBuildFile section */
		7C0F6B8C2A98F1F9004D0B72 /* FilterButton.swift in Sources */ = {isa = PBXBuildFile; fileRef = 7C0F6B8B2A98F1F9004D0B72 /* FilterButton.swift */; };
		7C0F6B8F2A98F35E004D0B72 /* WrappingHStack in Frameworks */ = {isa = PBXBuildFile; productRef = 7C0F6B8E2A98F35E004D0B72 /* WrappingHStack */; };
		7C0F6B912A98F531004D0B72 /* FilterScreen.swift in Sources */ = {isa = PBXBuildFile; fileRef = 7C0F6B902A98F531004D0B72 /* FilterScreen.swift */; };
		7C2742582A964B46001ABC08 /* Mini2App.swift in Sources */ = {isa = PBXBuildFile; fileRef = 7C2742572A964B46001ABC08 /* Mini2App.swift */; };
		7C27425A2A964B46001ABC08 /* ContentView.swift in Sources */ = {isa = PBXBuildFile; fileRef = 7C2742592A964B46001ABC08 /* ContentView.swift */; };
		7C27425C2A964B47001ABC08 /* Assets.xcassets in Resources */ = {isa = PBXBuildFile; fileRef = 7C27425B2A964B47001ABC08 /* Assets.xcassets */; };
		7C27425F2A964B47001ABC08 /* Preview Assets.xcassets in Resources */ = {isa = PBXBuildFile; fileRef = 7C27425E2A964B47001ABC08 /* Preview Assets.xcassets */; };
		7C34244A2A9CD52A00E77B14 /* GoogleService-Info.plist in Resources */ = {isa = PBXBuildFile; fileRef = 7C3424492A9CD52A00E77B14 /* GoogleService-Info.plist */; };
		7C34244D2A9CD5DE00E77B14 /* FirebaseAnalytics in Frameworks */ = {isa = PBXBuildFile; productRef = 7C34244C2A9CD5DE00E77B14 /* FirebaseAnalytics */; };
		7C34244F2A9CD5DE00E77B14 /* FirebaseAnalyticsSwift in Frameworks */ = {isa = PBXBuildFile; productRef = 7C34244E2A9CD5DE00E77B14 /* FirebaseAnalyticsSwift */; };
		7C3424512A9CD5DE00E77B14 /* FirebaseFirestore in Frameworks */ = {isa = PBXBuildFile; productRef = 7C3424502A9CD5DE00E77B14 /* FirebaseFirestore */; };
		7C3424532A9CD5DE00E77B14 /* FirebaseFirestoreSwift in Frameworks */ = {isa = PBXBuildFile; productRef = 7C3424522A9CD5DE00E77B14 /* FirebaseFirestoreSwift */; };
		7C3424552A9CD5DE00E77B14 /* FirebaseStorage in Frameworks */ = {isa = PBXBuildFile; productRef = 7C3424542A9CD5DE00E77B14 /* FirebaseStorage */; };
		7C3424582A9CD78500E77B14 /* StorageManager.swift in Sources */ = {isa = PBXBuildFile; fileRef = 7C3424572A9CD78500E77B14 /* StorageManager.swift */; };
		7C34245B2A9CDA7400E77B14 /* FilterManager.swift in Sources */ = {isa = PBXBuildFile; fileRef = 7C34245A2A9CDA7400E77B14 /* FilterManager.swift */; };
		7C3424622A9E2C8700E77B14 /* FirestoreManager.swift in Sources */ = {isa = PBXBuildFile; fileRef = 7C3424612A9E2C8700E77B14 /* FirestoreManager.swift */; };
		7C3424652AA0BA5700E77B14 /* .gitignore in Resources */ = {isa = PBXBuildFile; fileRef = 7C3424642AA0BA5700E77B14 /* .gitignore */; };
		7CC408682AA8A49200C4F567 /* DailyCheckModel.swift in Sources */ = {isa = PBXBuildFile; fileRef = 7CC408672AA8A49200C4F567 /* DailyCheckModel.swift */; };
		7CC4086D2AA8A52E00C4F567 /* OnboardingView.swift in Sources */ = {isa = PBXBuildFile; fileRef = 7CC4086C2AA8A52E00C4F567 /* OnboardingView.swift */; };
		7CC408712AA8A5D300C4F567 /* HomeView.swift in Sources */ = {isa = PBXBuildFile; fileRef = 7CC408702AA8A5D300C4F567 /* HomeView.swift */; };
		7CC408732AA8A92A00C4F567 /* DefaultsManager.swift in Sources */ = {isa = PBXBuildFile; fileRef = 7CC408722AA8A92A00C4F567 /* DefaultsManager.swift */; };
		7CC408752AA8BC7400C4F567 /* MemoryView.swift in Sources */ = {isa = PBXBuildFile; fileRef = 7CC408742AA8BC7300C4F567 /* MemoryView.swift */; };
		7CF158EF2AAF552600C52C21 /* DailyTicketView.swift in Sources */ = {isa = PBXBuildFile; fileRef = 7CF158EE2AAF552600C52C21 /* DailyTicketView.swift */; };
		7CFD2AB92AA9044D00AE4562 /* Onboarding2View.swift in Sources */ = {isa = PBXBuildFile; fileRef = 7CFD2AB82AA9044D00AE4562 /* Onboarding2View.swift */; };
		7CFD2ABB2AA9057100AE4562 /* Onboarding3View.swift in Sources */ = {isa = PBXBuildFile; fileRef = 7CFD2ABA2AA9057100AE4562 /* Onboarding3View.swift */; };
/* End PBXBuildFile section */

/* Begin PBXFileReference section */
		7C0F6B8B2A98F1F9004D0B72 /* FilterButton.swift */ = {isa = PBXFileReference; lastKnownFileType = sourcecode.swift; path = FilterButton.swift; sourceTree = "<group>"; };
		7C0F6B902A98F531004D0B72 /* FilterScreen.swift */ = {isa = PBXFileReference; lastKnownFileType = sourcecode.swift; path = FilterScreen.swift; sourceTree = "<group>"; };
		7C2742542A964B46001ABC08 /* Mini2.app */ = {isa = PBXFileReference; explicitFileType = wrapper.application; includeInIndex = 0; path = Mini2.app; sourceTree = BUILT_PRODUCTS_DIR; };
		7C2742572A964B46001ABC08 /* Mini2App.swift */ = {isa = PBXFileReference; lastKnownFileType = sourcecode.swift; path = Mini2App.swift; sourceTree = "<group>"; };
		7C2742592A964B46001ABC08 /* ContentView.swift */ = {isa = PBXFileReference; lastKnownFileType = sourcecode.swift; path = ContentView.swift; sourceTree = "<group>"; };
		7C27425B2A964B47001ABC08 /* Assets.xcassets */ = {isa = PBXFileReference; lastKnownFileType = folder.assetcatalog; path = Assets.xcassets; sourceTree = "<group>"; };
		7C27425E2A964B47001ABC08 /* Preview Assets.xcassets */ = {isa = PBXFileReference; lastKnownFileType = folder.assetcatalog; path = "Preview Assets.xcassets"; sourceTree = "<group>"; };
		7C3424492A9CD52A00E77B14 /* GoogleService-Info.plist */ = {isa = PBXFileReference; fileEncoding = 4; lastKnownFileType = text.plist.xml; path = "GoogleService-Info.plist"; sourceTree = "<group>"; };
		7C3424572A9CD78500E77B14 /* StorageManager.swift */ = {isa = PBXFileReference; lastKnownFileType = sourcecode.swift; path = StorageManager.swift; sourceTree = "<group>"; };
		7C34245A2A9CDA7400E77B14 /* FilterManager.swift */ = {isa = PBXFileReference; lastKnownFileType = sourcecode.swift; path = FilterManager.swift; sourceTree = "<group>"; };
		7C3424612A9E2C8700E77B14 /* FirestoreManager.swift */ = {isa = PBXFileReference; lastKnownFileType = sourcecode.swift; path = FirestoreManager.swift; sourceTree = "<group>"; };
		7C3424642AA0BA5700E77B14 /* .gitignore */ = {isa = PBXFileReference; fileEncoding = 4; lastKnownFileType = text; path = .gitignore; sourceTree = "<group>"; };
		7CC408672AA8A49200C4F567 /* DailyCheckModel.swift */ = {isa = PBXFileReference; lastKnownFileType = sourcecode.swift; path = DailyCheckModel.swift; sourceTree = "<group>"; };
		7CC4086C2AA8A52E00C4F567 /* OnboardingView.swift */ = {isa = PBXFileReference; lastKnownFileType = sourcecode.swift; path = OnboardingView.swift; sourceTree = "<group>"; };
		7CC408702AA8A5D300C4F567 /* HomeView.swift */ = {isa = PBXFileReference; lastKnownFileType = sourcecode.swift; path = HomeView.swift; sourceTree = "<group>"; };
		7CC408722AA8A92A00C4F567 /* DefaultsManager.swift */ = {isa = PBXFileReference; lastKnownFileType = sourcecode.swift; path = DefaultsManager.swift; sourceTree = "<group>"; };
		7CC408742AA8BC7300C4F567 /* MemoryView.swift */ = {isa = PBXFileReference; lastKnownFileType = sourcecode.swift; path = MemoryView.swift; sourceTree = "<group>"; };
		7CF158EE2AAF552600C52C21 /* DailyTicketView.swift */ = {isa = PBXFileReference; lastKnownFileType = sourcecode.swift; path = DailyTicketView.swift; sourceTree = "<group>"; };
		7CFD2AB82AA9044D00AE4562 /* Onboarding2View.swift */ = {isa = PBXFileReference; lastKnownFileType = sourcecode.swift; path = Onboarding2View.swift; sourceTree = "<group>"; };
		7CFD2ABA2AA9057100AE4562 /* Onboarding3View.swift */ = {isa = PBXFileReference; lastKnownFileType = sourcecode.swift; path = Onboarding3View.swift; sourceTree = "<group>"; };
/* End PBXFileReference section */

/* Begin PBXFrameworksBuildPhase section */
		7C2742512A964B46001ABC08 /* Frameworks */ = {
			isa = PBXFrameworksBuildPhase;
			buildActionMask = 2147483647;
			files = (
				7C3424532A9CD5DE00E77B14 /* FirebaseFirestoreSwift in Frameworks */,
				7C34244F2A9CD5DE00E77B14 /* FirebaseAnalyticsSwift in Frameworks */,
				7C3424512A9CD5DE00E77B14 /* FirebaseFirestore in Frameworks */,
				7C34244D2A9CD5DE00E77B14 /* FirebaseAnalytics in Frameworks */,
				7C0F6B8F2A98F35E004D0B72 /* WrappingHStack in Frameworks */,
				7C3424552A9CD5DE00E77B14 /* FirebaseStorage in Frameworks */,
			);
			runOnlyForDeploymentPostprocessing = 0;
		};
/* End PBXFrameworksBuildPhase section */

/* Begin PBXGroup section */
		7C0F6B8A2A98F1E6004D0B72 /* FilterButton */ = {
			isa = PBXGroup;
			children = (
				7C0F6B8B2A98F1F9004D0B72 /* FilterButton.swift */,
			);
			path = FilterButton;
			sourceTree = "<group>";
		};
		7C27424B2A964B46001ABC08 = {
			isa = PBXGroup;
			children = (
				7C3424642AA0BA5700E77B14 /* .gitignore */,
				7C2742562A964B46001ABC08 /* Mini2 */,
				7C2742552A964B46001ABC08 /* Products */,
			);
			sourceTree = "<group>";
		};
		7C2742552A964B46001ABC08 /* Products */ = {
			isa = PBXGroup;
			children = (
				7C2742542A964B46001ABC08 /* Mini2.app */,
			);
			name = Products;
			sourceTree = "<group>";
		};
		7C2742562A964B46001ABC08 /* Mini2 */ = {
			isa = PBXGroup;
			children = (
				7CC4086B2AA8A51000C4F567 /* Views */,
				7CC4086A2AA8A4F900C4F567 /* Model */,
				7C3424632AA0AD2C00E77B14 /* Components */,
				7C3424592A9CDA6600E77B14 /* Managers */,
				7C3424562A9CD76F00E77B14 /* Storage */,
				7C2742572A964B46001ABC08 /* Mini2App.swift */,
				7C2742592A964B46001ABC08 /* ContentView.swift */,
				7C27425B2A964B47001ABC08 /* Assets.xcassets */,
				7C3424492A9CD52A00E77B14 /* GoogleService-Info.plist */,
				7C27425D2A964B47001ABC08 /* Preview Content */,
			);
			path = Mini2;
			sourceTree = "<group>";
		};
		7C27425D2A964B47001ABC08 /* Preview Content */ = {
			isa = PBXGroup;
			children = (
				7C27425E2A964B47001ABC08 /* Preview Assets.xcassets */,
			);
			path = "Preview Content";
			sourceTree = "<group>";
		};
		7C3424562A9CD76F00E77B14 /* Storage */ = {
			isa = PBXGroup;
			children = (
				7C3424572A9CD78500E77B14 /* StorageManager.swift */,
			);
			path = Storage;
			sourceTree = "<group>";
		};
		7C3424592A9CDA6600E77B14 /* Managers */ = {
			isa = PBXGroup;
			children = (
				7C34245A2A9CDA7400E77B14 /* FilterManager.swift */,
				7C3424612A9E2C8700E77B14 /* FirestoreManager.swift */,
				7CC408722AA8A92A00C4F567 /* DefaultsManager.swift */,
			);
			path = Managers;
			sourceTree = "<group>";
		};
		7C3424632AA0AD2C00E77B14 /* Components */ = {
			isa = PBXGroup;
			children = (
				7C0F6B8A2A98F1E6004D0B72 /* FilterButton */,
			);
			path = Components;
			sourceTree = "<group>";
		};
		7CC4086A2AA8A4F900C4F567 /* Model */ = {
			isa = PBXGroup;
			children = (
				7CC408672AA8A49200C4F567 /* DailyCheckModel.swift */,
			);
			path = Model;
			sourceTree = "<group>";
		};
		7CC4086B2AA8A51000C4F567 /* Views */ = {
			isa = PBXGroup;
			children = (
				7C0F6B902A98F531004D0B72 /* FilterScreen.swift */,
				7CC408702AA8A5D300C4F567 /* HomeView.swift */,
				7CF158EE2AAF552600C52C21 /* DailyTicketView.swift */,
				7CC408742AA8BC7300C4F567 /* MemoryView.swift */,
				7CC4086C2AA8A52E00C4F567 /* OnboardingView.swift */,
				7CFD2AB82AA9044D00AE4562 /* Onboarding2View.swift */,
				7CFD2ABA2AA9057100AE4562 /* Onboarding3View.swift */,
			);
			path = Views;
			sourceTree = "<group>";
		};
/* End PBXGroup section */

/* Begin PBXNativeTarget section */
		7C2742532A964B46001ABC08 /* Mini2 */ = {
			isa = PBXNativeTarget;
			buildConfigurationList = 7C2742622A964B47001ABC08 /* Build configuration list for PBXNativeTarget "Mini2" */;
			buildPhases = (
				7C2742502A964B46001ABC08 /* Sources */,
				7C2742512A964B46001ABC08 /* Frameworks */,
				7C2742522A964B46001ABC08 /* Resources */,
			);
			buildRules = (
			);
			dependencies = (
			);
			name = Mini2;
			packageProductDependencies = (
				7C0F6B8E2A98F35E004D0B72 /* WrappingHStack */,
				7C34244C2A9CD5DE00E77B14 /* FirebaseAnalytics */,
				7C34244E2A9CD5DE00E77B14 /* FirebaseAnalyticsSwift */,
				7C3424502A9CD5DE00E77B14 /* FirebaseFirestore */,
				7C3424522A9CD5DE00E77B14 /* FirebaseFirestoreSwift */,
				7C3424542A9CD5DE00E77B14 /* FirebaseStorage */,
			);
			productName = Mini2;
			productReference = 7C2742542A964B46001ABC08 /* Mini2.app */;
			productType = "com.apple.product-type.application";
		};
/* End PBXNativeTarget section */

/* Begin PBXProject section */
		7C27424C2A964B46001ABC08 /* Project object */ = {
			isa = PBXProject;
			attributes = {
				BuildIndependentTargetsInParallel = 1;
				LastSwiftUpdateCheck = 1430;
				LastUpgradeCheck = 1430;
				TargetAttributes = {
					7C2742532A964B46001ABC08 = {
						CreatedOnToolsVersion = 14.3;
					};
				};
			};
			buildConfigurationList = 7C27424F2A964B46001ABC08 /* Build configuration list for PBXProject "Mini2" */;
			compatibilityVersion = "Xcode 14.0";
			developmentRegion = en;
			hasScannedForEncodings = 0;
			knownRegions = (
				en,
				Base,
			);
			mainGroup = 7C27424B2A964B46001ABC08;
			packageReferences = (
				7C0F6B8D2A98F35E004D0B72 /* XCRemoteSwiftPackageReference "WrappingHStack" */,
				7C34244B2A9CD5DE00E77B14 /* XCRemoteSwiftPackageReference "firebase-ios-sdk" */,
			);
			productRefGroup = 7C2742552A964B46001ABC08 /* Products */;
			projectDirPath = "";
			projectRoot = "";
			targets = (
				7C2742532A964B46001ABC08 /* Mini2 */,
			);
		};
/* End PBXProject section */

/* Begin PBXResourcesBuildPhase section */
		7C2742522A964B46001ABC08 /* Resources */ = {
			isa = PBXResourcesBuildPhase;
			buildActionMask = 2147483647;
			files = (
				7C3424652AA0BA5700E77B14 /* .gitignore in Resources */,
				7C27425F2A964B47001ABC08 /* Preview Assets.xcassets in Resources */,
				7C27425C2A964B47001ABC08 /* Assets.xcassets in Resources */,
				7C34244A2A9CD52A00E77B14 /* GoogleService-Info.plist in Resources */,
			);
			runOnlyForDeploymentPostprocessing = 0;
		};
/* End PBXResourcesBuildPhase section */

/* Begin PBXSourcesBuildPhase section */
		7C2742502A964B46001ABC08 /* Sources */ = {
			isa = PBXSourcesBuildPhase;
			buildActionMask = 2147483647;
			files = (
				7C27425A2A964B46001ABC08 /* ContentView.swift in Sources */,
				7C34245B2A9CDA7400E77B14 /* FilterManager.swift in Sources */,
				7CC4086D2AA8A52E00C4F567 /* OnboardingView.swift in Sources */,
				7C2742582A964B46001ABC08 /* Mini2App.swift in Sources */,
				7CC408712AA8A5D300C4F567 /* HomeView.swift in Sources */,
				7CF158EF2AAF552600C52C21 /* DailyTicketView.swift in Sources */,
				7C3424582A9CD78500E77B14 /* StorageManager.swift in Sources */,
				7CFD2AB92AA9044D00AE4562 /* Onboarding2View.swift in Sources */,
				7CC408732AA8A92A00C4F567 /* DefaultsManager.swift in Sources */,
				7C0F6B912A98F531004D0B72 /* FilterScreen.swift in Sources */,
				7CFD2ABB2AA9057100AE4562 /* Onboarding3View.swift in Sources */,
				7C3424622A9E2C8700E77B14 /* FirestoreManager.swift in Sources */,
				7CC408682AA8A49200C4F567 /* DailyCheckModel.swift in Sources */,
				7CC408752AA8BC7400C4F567 /* MemoryView.swift in Sources */,
				7C0F6B8C2A98F1F9004D0B72 /* FilterButton.swift in Sources */,
			);
			runOnlyForDeploymentPostprocessing = 0;
		};
/* End PBXSourcesBuildPhase section */

/* Begin XCBuildConfiguration section */
		7C2742602A964B47001ABC08 /* Debug */ = {
			isa = XCBuildConfiguration;
			buildSettings = {
				ALWAYS_SEARCH_USER_PATHS = NO;
				CLANG_ANALYZER_NONNULL = YES;
				CLANG_ANALYZER_NUMBER_OBJECT_CONVERSION = YES_AGGRESSIVE;
				CLANG_CXX_LANGUAGE_STANDARD = "gnu++20";
				CLANG_ENABLE_MODULES = YES;
				CLANG_ENABLE_OBJC_ARC = YES;
				CLANG_ENABLE_OBJC_WEAK = YES;
				CLANG_WARN_BLOCK_CAPTURE_AUTORELEASING = YES;
				CLANG_WARN_BOOL_CONVERSION = YES;
				CLANG_WARN_COMMA = YES;
				CLANG_WARN_CONSTANT_CONVERSION = YES;
				CLANG_WARN_DEPRECATED_OBJC_IMPLEMENTATIONS = YES;
				CLANG_WARN_DIRECT_OBJC_ISA_USAGE = YES_ERROR;
				CLANG_WARN_DOCUMENTATION_COMMENTS = YES;
				CLANG_WARN_EMPTY_BODY = YES;
				CLANG_WARN_ENUM_CONVERSION = YES;
				CLANG_WARN_INFINITE_RECURSION = YES;
				CLANG_WARN_INT_CONVERSION = YES;
				CLANG_WARN_NON_LITERAL_NULL_CONVERSION = YES;
				CLANG_WARN_OBJC_IMPLICIT_RETAIN_SELF = YES;
				CLANG_WARN_OBJC_LITERAL_CONVERSION = YES;
				CLANG_WARN_OBJC_ROOT_CLASS = YES_ERROR;
				CLANG_WARN_QUOTED_INCLUDE_IN_FRAMEWORK_HEADER = YES;
				CLANG_WARN_RANGE_LOOP_ANALYSIS = YES;
				CLANG_WARN_STRICT_PROTOTYPES = YES;
				CLANG_WARN_SUSPICIOUS_MOVE = YES;
				CLANG_WARN_UNGUARDED_AVAILABILITY = YES_AGGRESSIVE;
				CLANG_WARN_UNREACHABLE_CODE = YES;
				CLANG_WARN__DUPLICATE_METHOD_MATCH = YES;
				COPY_PHASE_STRIP = NO;
				DEBUG_INFORMATION_FORMAT = dwarf;
				ENABLE_STRICT_OBJC_MSGSEND = YES;
				ENABLE_TESTABILITY = YES;
				GCC_C_LANGUAGE_STANDARD = gnu11;
				GCC_DYNAMIC_NO_PIC = NO;
				GCC_NO_COMMON_BLOCKS = YES;
				GCC_OPTIMIZATION_LEVEL = 0;
				GCC_PREPROCESSOR_DEFINITIONS = (
					"DEBUG=1",
					"$(inherited)",
				);
				GCC_WARN_64_TO_32_BIT_CONVERSION = YES;
				GCC_WARN_ABOUT_RETURN_TYPE = YES_ERROR;
				GCC_WARN_UNDECLARED_SELECTOR = YES;
				GCC_WARN_UNINITIALIZED_AUTOS = YES_AGGRESSIVE;
				GCC_WARN_UNUSED_FUNCTION = YES;
				GCC_WARN_UNUSED_VARIABLE = YES;
				IPHONEOS_DEPLOYMENT_TARGET = 16.4;
				MTL_ENABLE_DEBUG_INFO = INCLUDE_SOURCE;
				MTL_FAST_MATH = YES;
				ONLY_ACTIVE_ARCH = YES;
				SDKROOT = iphoneos;
				SWIFT_ACTIVE_COMPILATION_CONDITIONS = DEBUG;
				SWIFT_OPTIMIZATION_LEVEL = "-Onone";
			};
			name = Debug;
		};
		7C2742612A964B47001ABC08 /* Release */ = {
			isa = XCBuildConfiguration;
			buildSettings = {
				ALWAYS_SEARCH_USER_PATHS = NO;
				CLANG_ANALYZER_NONNULL = YES;
				CLANG_ANALYZER_NUMBER_OBJECT_CONVERSION = YES_AGGRESSIVE;
				CLANG_CXX_LANGUAGE_STANDARD = "gnu++20";
				CLANG_ENABLE_MODULES = YES;
				CLANG_ENABLE_OBJC_ARC = YES;
				CLANG_ENABLE_OBJC_WEAK = YES;
				CLANG_WARN_BLOCK_CAPTURE_AUTORELEASING = YES;
				CLANG_WARN_BOOL_CONVERSION = YES;
				CLANG_WARN_COMMA = YES;
				CLANG_WARN_CONSTANT_CONVERSION = YES;
				CLANG_WARN_DEPRECATED_OBJC_IMPLEMENTATIONS = YES;
				CLANG_WARN_DIRECT_OBJC_ISA_USAGE = YES_ERROR;
				CLANG_WARN_DOCUMENTATION_COMMENTS = YES;
				CLANG_WARN_EMPTY_BODY = YES;
				CLANG_WARN_ENUM_CONVERSION = YES;
				CLANG_WARN_INFINITE_RECURSION = YES;
				CLANG_WARN_INT_CONVERSION = YES;
				CLANG_WARN_NON_LITERAL_NULL_CONVERSION = YES;
				CLANG_WARN_OBJC_IMPLICIT_RETAIN_SELF = YES;
				CLANG_WARN_OBJC_LITERAL_CONVERSION = YES;
				CLANG_WARN_OBJC_ROOT_CLASS = YES_ERROR;
				CLANG_WARN_QUOTED_INCLUDE_IN_FRAMEWORK_HEADER = YES;
				CLANG_WARN_RANGE_LOOP_ANALYSIS = YES;
				CLANG_WARN_STRICT_PROTOTYPES = YES;
				CLANG_WARN_SUSPICIOUS_MOVE = YES;
				CLANG_WARN_UNGUARDED_AVAILABILITY = YES_AGGRESSIVE;
				CLANG_WARN_UNREACHABLE_CODE = YES;
				CLANG_WARN__DUPLICATE_METHOD_MATCH = YES;
				COPY_PHASE_STRIP = NO;
				DEBUG_INFORMATION_FORMAT = "dwarf-with-dsym";
				ENABLE_NS_ASSERTIONS = NO;
				ENABLE_STRICT_OBJC_MSGSEND = YES;
				GCC_C_LANGUAGE_STANDARD = gnu11;
				GCC_NO_COMMON_BLOCKS = YES;
				GCC_WARN_64_TO_32_BIT_CONVERSION = YES;
				GCC_WARN_ABOUT_RETURN_TYPE = YES_ERROR;
				GCC_WARN_UNDECLARED_SELECTOR = YES;
				GCC_WARN_UNINITIALIZED_AUTOS = YES_AGGRESSIVE;
				GCC_WARN_UNUSED_FUNCTION = YES;
				GCC_WARN_UNUSED_VARIABLE = YES;
				IPHONEOS_DEPLOYMENT_TARGET = 16.4;
				MTL_ENABLE_DEBUG_INFO = NO;
				MTL_FAST_MATH = YES;
				SDKROOT = iphoneos;
				SWIFT_COMPILATION_MODE = wholemodule;
				SWIFT_OPTIMIZATION_LEVEL = "-O";
				VALIDATE_PRODUCT = YES;
			};
			name = Release;
		};
		7C2742632A964B47001ABC08 /* Debug */ = {
			isa = XCBuildConfiguration;
			buildSettings = {
				ASSETCATALOG_COMPILER_APPICON_NAME = AppIcon;
				ASSETCATALOG_COMPILER_GLOBAL_ACCENT_COLOR_NAME = AccentColor;
				CODE_SIGN_STYLE = Automatic;
				CURRENT_PROJECT_VERSION = 1;
				DEVELOPMENT_ASSET_PATHS = "\"Mini2/Preview Content\"";
				DEVELOPMENT_TEAM = XN8Z23SQH4;
				ENABLE_PREVIEWS = YES;
				GENERATE_INFOPLIST_FILE = YES;
				INFOPLIST_KEY_UIApplicationSceneManifest_Generation = YES;
				INFOPLIST_KEY_UIApplicationSupportsIndirectInputEvents = YES;
				INFOPLIST_KEY_UILaunchScreen_Generation = YES;
				INFOPLIST_KEY_UISupportedInterfaceOrientations_iPad = "UIInterfaceOrientationPortrait UIInterfaceOrientationPortraitUpsideDown UIInterfaceOrientationLandscapeLeft UIInterfaceOrientationLandscapeRight";
				INFOPLIST_KEY_UISupportedInterfaceOrientations_iPhone = "UIInterfaceOrientationPortrait UIInterfaceOrientationLandscapeLeft UIInterfaceOrientationLandscapeRight";
				LD_RUNPATH_SEARCH_PATHS = (
					"$(inherited)",
					"@executable_path/Frameworks",
				);
				MARKETING_VERSION = 1.0;
				PRODUCT_BUNDLE_IDENTIFIER = JotaPe.Mini2;
				PRODUCT_NAME = "$(TARGET_NAME)";
				SWIFT_EMIT_LOC_STRINGS = YES;
				SWIFT_VERSION = 5.0;
				TARGETED_DEVICE_FAMILY = "1,2";
			};
			name = Debug;
		};
		7C2742642A964B47001ABC08 /* Release */ = {
			isa = XCBuildConfiguration;
			buildSettings = {
				ASSETCATALOG_COMPILER_APPICON_NAME = AppIcon;
				ASSETCATALOG_COMPILER_GLOBAL_ACCENT_COLOR_NAME = AccentColor;
				CODE_SIGN_STYLE = Automatic;
				CURRENT_PROJECT_VERSION = 1;
				DEVELOPMENT_ASSET_PATHS = "\"Mini2/Preview Content\"";
				DEVELOPMENT_TEAM = XN8Z23SQH4;
				ENABLE_PREVIEWS = YES;
				GENERATE_INFOPLIST_FILE = YES;
				INFOPLIST_KEY_UIApplicationSceneManifest_Generation = YES;
				INFOPLIST_KEY_UIApplicationSupportsIndirectInputEvents = YES;
				INFOPLIST_KEY_UILaunchScreen_Generation = YES;
				INFOPLIST_KEY_UISupportedInterfaceOrientations_iPad = "UIInterfaceOrientationPortrait UIInterfaceOrientationPortraitUpsideDown UIInterfaceOrientationLandscapeLeft UIInterfaceOrientationLandscapeRight";
				INFOPLIST_KEY_UISupportedInterfaceOrientations_iPhone = "UIInterfaceOrientationPortrait UIInterfaceOrientationLandscapeLeft UIInterfaceOrientationLandscapeRight";
				LD_RUNPATH_SEARCH_PATHS = (
					"$(inherited)",
					"@executable_path/Frameworks",
				);
				MARKETING_VERSION = 1.0;
				PRODUCT_BUNDLE_IDENTIFIER = JotaPe.Mini2;
				PRODUCT_NAME = "$(TARGET_NAME)";
				SWIFT_EMIT_LOC_STRINGS = YES;
				SWIFT_VERSION = 5.0;
				TARGETED_DEVICE_FAMILY = "1,2";
			};
			name = Release;
		};
/* End XCBuildConfiguration section */

/* Begin XCConfigurationList section */
		7C27424F2A964B46001ABC08 /* Build configuration list for PBXProject "Mini2" */ = {
			isa = XCConfigurationList;
			buildConfigurations = (
				7C2742602A964B47001ABC08 /* Debug */,
				7C2742612A964B47001ABC08 /* Release */,
			);
			defaultConfigurationIsVisible = 0;
			defaultConfigurationName = Release;
		};
		7C2742622A964B47001ABC08 /* Build configuration list for PBXNativeTarget "Mini2" */ = {
			isa = XCConfigurationList;
			buildConfigurations = (
				7C2742632A964B47001ABC08 /* Debug */,
				7C2742642A964B47001ABC08 /* Release */,
			);
			defaultConfigurationIsVisible = 0;
			defaultConfigurationName = Release;
		};
/* End XCConfigurationList section */

/* Begin XCRemoteSwiftPackageReference section */
		7C0F6B8D2A98F35E004D0B72 /* XCRemoteSwiftPackageReference "WrappingHStack" */ = {
			isa = XCRemoteSwiftPackageReference;
			repositoryURL = "https://github.com/dkk/WrappingHStack";
			requirement = {
				kind = upToNextMajorVersion;
				minimumVersion = 2.0.0;
			};
		};
		7C34244B2A9CD5DE00E77B14 /* XCRemoteSwiftPackageReference "firebase-ios-sdk" */ = {
			isa = XCRemoteSwiftPackageReference;
			repositoryURL = "https://github.com/firebase/firebase-ios-sdk";
			requirement = {
				kind = upToNextMajorVersion;
				minimumVersion = 10.0.0;
			};
		};
/* End XCRemoteSwiftPackageReference section */

/* Begin XCSwiftPackageProductDependency section */
		7C0F6B8E2A98F35E004D0B72 /* WrappingHStack */ = {
			isa = XCSwiftPackageProductDependency;
			package = 7C0F6B8D2A98F35E004D0B72 /* XCRemoteSwiftPackageReference "WrappingHStack" */;
			productName = WrappingHStack;
		};
		7C34244C2A9CD5DE00E77B14 /* FirebaseAnalytics */ = {
			isa = XCSwiftPackageProductDependency;
			package = 7C34244B2A9CD5DE00E77B14 /* XCRemoteSwiftPackageReference "firebase-ios-sdk" */;
			productName = FirebaseAnalytics;
		};
		7C34244E2A9CD5DE00E77B14 /* FirebaseAnalyticsSwift */ = {
			isa = XCSwiftPackageProductDependency;
			package = 7C34244B2A9CD5DE00E77B14 /* XCRemoteSwiftPackageReference "firebase-ios-sdk" */;
			productName = FirebaseAnalyticsSwift;
		};
		7C3424502A9CD5DE00E77B14 /* FirebaseFirestore */ = {
			isa = XCSwiftPackageProductDependency;
			package = 7C34244B2A9CD5DE00E77B14 /* XCRemoteSwiftPackageReference "firebase-ios-sdk" */;
			productName = FirebaseFirestore;
		};
		7C3424522A9CD5DE00E77B14 /* FirebaseFirestoreSwift */ = {
			isa = XCSwiftPackageProductDependency;
			package = 7C34244B2A9CD5DE00E77B14 /* XCRemoteSwiftPackageReference "firebase-ios-sdk" */;
			productName = FirebaseFirestoreSwift;
		};
		7C3424542A9CD5DE00E77B14 /* FirebaseStorage */ = {
			isa = XCSwiftPackageProductDependency;
			package = 7C34244B2A9CD5DE00E77B14 /* XCRemoteSwiftPackageReference "firebase-ios-sdk" */;
			productName = FirebaseStorage;
		};
/* End XCSwiftPackageProductDependency section */
	};
	rootObject = 7C27424C2A964B46001ABC08 /* Project object */;
}
